
Microsoft Visual Studio Solution File, Format Version 12.00
# Visual Studio Version 16
VisualStudioVersion = 16.0.35229.62
MinimumVisualStudioVersion = 10.0.40219.1
Project("{8BC9CEB8-8B4A-11D0-8D11-00A0C91BC942}") = "lab_7_3_it", "lab_7_3_it\lab_7_3_it.vcxproj", "{A2081697-566D-4389-9837-172EFEA65538}"
EndProject
Project("{8BC9CEB8-8B4A-11D0-8D11-00A0C91BC942}") = "UnitTest1", "UnitTest1\UnitTest1.vcxproj", "{99F38BD4-9256-47CE-A3A0-AC1821949611}"
EndProject
Global
	GlobalSection(SolutionConfigurationPlatforms) = preSolution
		Debug|x64 = Debug|x64
		Debug|x86 = Debug|x86
		Release|x64 = Release|x64
		Release|x86 = Release|x86
	EndGlobalSection
	GlobalSection(ProjectConfigurationPlatforms) = postSolution
		{A2081697-566D-4389-9837-172EFEA65538}.Debug|x64.ActiveCfg = Debug|x64
		{A2081697-566D-4389-9837-172EFEA65538}.Debug|x64.Build.0 = Debug|x64
		{A2081697-566D-4389-9837-172EFEA65538}.Debug|x86.ActiveCfg = Debug|Win32
		{A2081697-566D-4389-9837-172EFEA65538}.Debug|x86.Build.0 = Debug|Win32
		{A2081697-566D-4389-9837-172EFEA65538}.Release|x64.ActiveCfg = Release|x64
		{A2081697-566D-4389-9837-172EFEA65538}.Release|x64.Build.0 = Release|x64
		{A2081697-566D-4389-9837-172EFEA65538}.Release|x86.ActiveCfg = Release|Win32
		{A2081697-566D-4389-9837-172EFEA65538}.Release|x86.Build.0 = Release|Win32
		{99F38BD4-9256-47CE-A3A0-AC1821949611}.Debug|x64.ActiveCfg = Debug|x64
		{99F38BD4-9256-47CE-A3A0-AC1821949611}.Debug|x64.Build.0 = Debug|x64
		{99F38BD4-9256-47CE-A3A0-AC1821949611}.Debug|x86.ActiveCfg = Debug|Win32
		{99F38BD4-9256-47CE-A3A0-AC1821949611}.Debug|x86.Build.0 = Debug|Win32
		{99F38BD4-9256-47CE-A3A0-AC1821949611}.Release|x64.ActiveCfg = Release|x64
		{99F38BD4-9256-47CE-A3A0-AC1821949611}.Release|x64.Build.0 = Release|x64
		{99F38BD4-9256-47CE-A3A0-AC1821949611}.Release|x86.ActiveCfg = Release|Win32
		{99F38BD4-9256-47CE-A3A0-AC1821949611}.Release|x86.Build.0 = Release|Win32
	EndGlobalSection
	GlobalSection(SolutionProperties) = preSolution
		HideSolutionNode = FALSE
	EndGlobalSection
	GlobalSection(ExtensibilityGlobals) = postSolution
		SolutionGuid = {0EDAEB74-E1AD-4557-B140-9231C2F8939C}
	EndGlobalSection
EndGlobal
